
Microsoft Visual Studio Solution File, Format Version 12.00
# Visual Studio Version 16
VisualStudioVersion = 16.0.810.21
MinimumVisualStudioVersion = 10.0.40219.1
Project("{FAE04EC0-301F-11D3-BF4B-00C04F79EFBC}") = "Product", "Product.csproj", "{972F1F42-8832-46A2-843B-0BA172180F00}"
EndProject
Global
	GlobalSection(SolutionConfigurationPlatforms) = preSolution
		Debug|Any CPU = Debug|Any CPU
		Release|Any CPU = Release|Any CPU
	EndGlobalSection
	GlobalSection(ProjectConfigurationPlatforms) = postSolution
		{972F1F42-8832-46A2-843B-0BA172180F00}.Debug|Any CPU.ActiveCfg = Debug|Any CPU
		{972F1F42-8832-46A2-843B-0BA172180F00}.Debug|Any CPU.Build.0 = Debug|Any CPU
		{972F1F42-8832-46A2-843B-0BA172180F00}.Release|Any CPU.ActiveCfg = Release|Any CPU
		{972F1F42-8832-46A2-843B-0BA172180F00}.Release|Any CPU.Build.0 = Release|Any CPU
	EndGlobalSection
	GlobalSection(SolutionProperties) = preSolution
		HideSolutionNode = FALSE
	EndGlobalSection
	GlobalSection(ExtensibilityGlobals) = postSolution
		SolutionGuid = {2575BCBD-AE4F-4497-A331-FDD4269CEC5A}
	EndGlobalSection
EndGlobal
